
Microsoft Visual Studio Solution File, Format Version 12.00
# Visual Studio Version 17
VisualStudioVersion = 17.7.34031.279
MinimumVisualStudioVersion = 10.0.40219.1
Project("{FAE04EC0-301F-11D3-BF4B-00C04F79EFBC}") = "ASP5", "ASP5\ASP5.csproj", "{D83FCC12-8DCB-44BE-AD4B-10A28F9FDFDF}"
EndProject
Global
	GlobalSection(SolutionConfigurationPlatforms) = preSolution
		Debug|Any CPU = Debug|Any CPU
		Release|Any CPU = Release|Any CPU
	EndGlobalSection
	GlobalSection(ProjectConfigurationPlatforms) = postSolution
		{D83FCC12-8DCB-44BE-AD4B-10A28F9FDFDF}.Debug|Any CPU.ActiveCfg = Debug|Any CPU
		{D83FCC12-8DCB-44BE-AD4B-10A28F9FDFDF}.Debug|Any CPU.Build.0 = Debug|Any CPU
		{D83FCC12-8DCB-44BE-AD4B-10A28F9FDFDF}.Release|Any CPU.ActiveCfg = Release|Any CPU
		{D83FCC12-8DCB-44BE-AD4B-10A28F9FDFDF}.Release|Any CPU.Build.0 = Release|Any CPU
	EndGlobalSection
	GlobalSection(SolutionProperties) = preSolution
		HideSolutionNode = FALSE
	EndGlobalSection
	GlobalSection(ExtensibilityGlobals) = postSolution
		SolutionGuid = {5B712BFB-C88D-4BFE-A611-ADAC96AC4373}
	EndGlobalSection
EndGlobal
