
Microsoft Visual Studio Solution File, Format Version 12.00
# Visual Studio Version 17
VisualStudioVersion = 17.7.34031.279
MinimumVisualStudioVersion = 10.0.40219.1
Project("{FAE04EC0-301F-11D3-BF4B-00C04F79EFBC}") = "ASP8", "ASP8\ASP8.csproj", "{750A4FA3-14FB-4FCA-84BF-E3799E8E974A}"
EndProject
Global
	GlobalSection(SolutionConfigurationPlatforms) = preSolution
		Debug|Any CPU = Debug|Any CPU
		Release|Any CPU = Release|Any CPU
	EndGlobalSection
	GlobalSection(ProjectConfigurationPlatforms) = postSolution
		{750A4FA3-14FB-4FCA-84BF-E3799E8E974A}.Debug|Any CPU.ActiveCfg = Debug|Any CPU
		{750A4FA3-14FB-4FCA-84BF-E3799E8E974A}.Debug|Any CPU.Build.0 = Debug|Any CPU
		{750A4FA3-14FB-4FCA-84BF-E3799E8E974A}.Release|Any CPU.ActiveCfg = Release|Any CPU
		{750A4FA3-14FB-4FCA-84BF-E3799E8E974A}.Release|Any CPU.Build.0 = Release|Any CPU
	EndGlobalSection
	GlobalSection(SolutionProperties) = preSolution
		HideSolutionNode = FALSE
	EndGlobalSection
	GlobalSection(ExtensibilityGlobals) = postSolution
		SolutionGuid = {12E326BE-C87D-4AA5-880B-1248F13760FF}
	EndGlobalSection
EndGlobal
